
Microsoft Visual Studio Solution File, Format Version 12.00
# Visual Studio Version 17
VisualStudioVersion = 17.5.33627.172
MinimumVisualStudioVersion = 10.0.40219.1
Project("{FAE04EC0-301F-11D3-BF4B-00C04F79EFBC}") = "Task_2", "Task_2\Task_2.csproj", "{59E0B913-1B3D-4B15-8F0A-433EFC955543}"
EndProject
Project("{FAE04EC0-301F-11D3-BF4B-00C04F79EFBC}") = "Task_5", "Task_5\Task_5.csproj", "{CDB8B928-4F82-4719-B8A0-4A3206B12EF9}"
EndProject
Project("{FAE04EC0-301F-11D3-BF4B-00C04F79EFBC}") = "Task_3", "Task_3\Task_3.csproj", "{0F3791EF-C88D-40FF-B6B2-D45B535CC83B}"
EndProject
Global
	GlobalSection(SolutionConfigurationPlatforms) = preSolution
		Debug|Any CPU = Debug|Any CPU
		Release|Any CPU = Release|Any CPU
	EndGlobalSection
	GlobalSection(ProjectConfigurationPlatforms) = postSolution
		{59E0B913-1B3D-4B15-8F0A-433EFC955543}.Debug|Any CPU.ActiveCfg = Debug|Any CPU
		{59E0B913-1B3D-4B15-8F0A-433EFC955543}.Debug|Any CPU.Build.0 = Debug|Any CPU
		{59E0B913-1B3D-4B15-8F0A-433EFC955543}.Release|Any CPU.ActiveCfg = Release|Any CPU
		{59E0B913-1B3D-4B15-8F0A-433EFC955543}.Release|Any CPU.Build.0 = Release|Any CPU
		{CDB8B928-4F82-4719-B8A0-4A3206B12EF9}.Debug|Any CPU.ActiveCfg = Debug|Any CPU
		{CDB8B928-4F82-4719-B8A0-4A3206B12EF9}.Debug|Any CPU.Build.0 = Debug|Any CPU
		{CDB8B928-4F82-4719-B8A0-4A3206B12EF9}.Release|Any CPU.ActiveCfg = Release|Any CPU
		{CDB8B928-4F82-4719-B8A0-4A3206B12EF9}.Release|Any CPU.Build.0 = Release|Any CPU
		{0F3791EF-C88D-40FF-B6B2-D45B535CC83B}.Debug|Any CPU.ActiveCfg = Debug|Any CPU
		{0F3791EF-C88D-40FF-B6B2-D45B535CC83B}.Debug|Any CPU.Build.0 = Debug|Any CPU
		{0F3791EF-C88D-40FF-B6B2-D45B535CC83B}.Release|Any CPU.ActiveCfg = Release|Any CPU
		{0F3791EF-C88D-40FF-B6B2-D45B535CC83B}.Release|Any CPU.Build.0 = Release|Any CPU
	EndGlobalSection
	GlobalSection(SolutionProperties) = preSolution
		HideSolutionNode = FALSE
	EndGlobalSection
	GlobalSection(ExtensibilityGlobals) = postSolution
		SolutionGuid = {C43B0A2D-18B0-47DA-98B7-45F095BD82EB}
	EndGlobalSection
EndGlobal
